
Microsoft Visual Studio Solution File, Format Version 12.00
# Visual Studio Version 17
VisualStudioVersion = 17.5.002.0
MinimumVisualStudioVersion = 10.0.40219.1
Project("{9A19103F-16F7-4668-BE54-9A1E7A4F7556}") = "Midterm2Progra1", "Midterm2Progra1.csproj", "{392110D0-C927-40C6-B5CC-EB5CC7F124E6}"
EndProject
Global
	GlobalSection(SolutionConfigurationPlatforms) = preSolution
		Debug|Any CPU = Debug|Any CPU
		Release|Any CPU = Release|Any CPU
	EndGlobalSection
	GlobalSection(ProjectConfigurationPlatforms) = postSolution
		{392110D0-C927-40C6-B5CC-EB5CC7F124E6}.Debug|Any CPU.ActiveCfg = Debug|Any CPU
		{392110D0-C927-40C6-B5CC-EB5CC7F124E6}.Debug|Any CPU.Build.0 = Debug|Any CPU
		{392110D0-C927-40C6-B5CC-EB5CC7F124E6}.Release|Any CPU.ActiveCfg = Release|Any CPU
		{392110D0-C927-40C6-B5CC-EB5CC7F124E6}.Release|Any CPU.Build.0 = Release|Any CPU
	EndGlobalSection
	GlobalSection(SolutionProperties) = preSolution
		HideSolutionNode = FALSE
	EndGlobalSection
	GlobalSection(ExtensibilityGlobals) = postSolution
		SolutionGuid = {C1C04E19-A0B1-4408-8418-152649775273}
	EndGlobalSection
EndGlobal
